
Microsoft Visual Studio Solution File, Format Version 12.00
# Visual Studio Version 16
VisualStudioVersion = 16.0.29613.14
MinimumVisualStudioVersion = 10.0.40219.1
Project("{FAE04EC0-301F-11D3-BF4B-00C04F79EFBC}") = "SanaEcommerce.Web", "SanaEcommerce.Web\SanaEcommerce.Web.csproj", "{3C00ACA5-8E29-498D-BB20-E596D6DE9FD4}"
EndProject
Project("{FAE04EC0-301F-11D3-BF4B-00C04F79EFBC}") = "SanaEcommerce.Core", "SanaEcommerce.Core\SanaEcommerce.Core.csproj", "{57EE918A-1443-41A6-B640-6EA081C86909}"
EndProject
Global
	GlobalSection(SolutionConfigurationPlatforms) = preSolution
		Debug|Any CPU = Debug|Any CPU
		Release|Any CPU = Release|Any CPU
	EndGlobalSection
	GlobalSection(ProjectConfigurationPlatforms) = postSolution
		{3C00ACA5-8E29-498D-BB20-E596D6DE9FD4}.Debug|Any CPU.ActiveCfg = Debug|Any CPU
		{3C00ACA5-8E29-498D-BB20-E596D6DE9FD4}.Debug|Any CPU.Build.0 = Debug|Any CPU
		{3C00ACA5-8E29-498D-BB20-E596D6DE9FD4}.Release|Any CPU.ActiveCfg = Release|Any CPU
		{3C00ACA5-8E29-498D-BB20-E596D6DE9FD4}.Release|Any CPU.Build.0 = Release|Any CPU
		{57EE918A-1443-41A6-B640-6EA081C86909}.Debug|Any CPU.ActiveCfg = Debug|Any CPU
		{57EE918A-1443-41A6-B640-6EA081C86909}.Debug|Any CPU.Build.0 = Debug|Any CPU
		{57EE918A-1443-41A6-B640-6EA081C86909}.Release|Any CPU.ActiveCfg = Release|Any CPU
		{57EE918A-1443-41A6-B640-6EA081C86909}.Release|Any CPU.Build.0 = Release|Any CPU
	EndGlobalSection
	GlobalSection(SolutionProperties) = preSolution
		HideSolutionNode = FALSE
	EndGlobalSection
	GlobalSection(ExtensibilityGlobals) = postSolution
		SolutionGuid = {2CAC9AD2-575D-4742-9FCB-7A4255318E3F}
	EndGlobalSection
EndGlobal
